// !$*UTF8*$!
{
	archiveVersion = 1;
	classes = {
	};
	objectVersion = 46;
	objects = {

/* Begin PBXBuildFile section */
		1CC712258CC7622069C87228 /* libPods-WGT ANALYSTUITests.a in Frameworks */ = {isa = PBXBuildFile; fileRef = 76D4A2CB79062CDE84E12F12 /* libPods-WGT ANALYSTUITests.a */; };
		4D4D87291154FCE56DA6BF15 /* libPods-WGT ANALYSTUITests.a in Frameworks */ = {isa = PBXBuildFile; fileRef = A1BDFE3A9DEE6FA12D0DBBA3 /* libPods-WGT ANALYSTUITests.a */; };
		81462AD027CACA6F17772F7E /* libPods-WGT ANALYST.a in Frameworks */ = {isa = PBXBuildFile; fileRef = ABD78FCBDF7AC46950CBE3D6 /* libPods-WGT ANALYST.a */; };
		8B3132AE1D62562A007E8C5A /* WGTMenuViewController.m in Sources */ = {isa = PBXBuildFile; fileRef = 8B3132AD1D62562A007E8C5A /* WGTMenuViewController.m */; };
		8B3132B11D62571A007E8C5A /* WGTServersViewController.m in Sources */ = {isa = PBXBuildFile; fileRef = 8B3132B01D62571A007E8C5A /* WGTServersViewController.m */; };
		8B3132B41D62866E007E8C5A /* WGTRootViewController.m in Sources */ = {isa = PBXBuildFile; fileRef = 8B3132B31D62866E007E8C5A /* WGTRootViewController.m */; };
		8B4C8BE61D5FBE04009EE492 /* Main.storyboard in Resources */ = {isa = PBXBuildFile; fileRef = 8B4C8BE41D5FBE04009EE492 /* Main.storyboard */; };
		8BDD05591D5DE84500459853 /* LaunchScreen.storyboard in Resources */ = {isa = PBXBuildFile; fileRef = 8BDD05481D5DE84500459853 /* LaunchScreen.storyboard */; };
		8BFBCF581D5A4EE500051894 /* main.m in Sources */ = {isa = PBXBuildFile; fileRef = 8BFBCF571D5A4EE500051894 /* main.m */; };
		8BFBCF5B1D5A4EE500051894 /* AppDelegate.m in Sources */ = {isa = PBXBuildFile; fileRef = 8BFBCF5A1D5A4EE500051894 /* AppDelegate.m */; };
		8BFBCF631D5A4EE500051894 /* Assets.xcassets in Resources */ = {isa = PBXBuildFile; fileRef = 8BFBCF621D5A4EE500051894 /* Assets.xcassets */; };
		8BFBCF711D5A4EE500051894 /* WGT_ANALYSTTests.m in Sources */ = {isa = PBXBuildFile; fileRef = 8BFBCF701D5A4EE500051894 /* WGT_ANALYSTTests.m */; };
		8BFBCF7C1D5A4EE500051894 /* WGT_ANALYSTUITests.m in Sources */ = {isa = PBXBuildFile; fileRef = 8BFBCF7B1D5A4EE500051894 /* WGT_ANALYSTUITests.m */; };
		8BFBCF931D5B5B8700051894 /* WGTMainViewController.m in Sources */ = {isa = PBXBuildFile; fileRef = 8BFBCF901D5B5B8700051894 /* WGTMainViewController.m */; };
		8BFBCF941D5B5B8700051894 /* WGTStartViewController.m in Sources */ = {isa = PBXBuildFile; fileRef = 8BFBCF921D5B5B8700051894 /* WGTStartViewController.m */; };
		9CBE3F6CE823EE59AEDE938A /* libPods-WGT ANALYSTTests.a in Frameworks */ = {isa = PBXBuildFile; fileRef = 35CCE4EFB49A7A32355B9C48 /* libPods-WGT ANALYSTTests.a */; };
		B6A3E1FF33C95BF54958B49C /* libPods-WGT ANALYST.a in Frameworks */ = {isa = PBXBuildFile; fileRef = BD14214DF14655369C937ED3 /* libPods-WGT ANALYST.a */; };
		B9F08E5ABD9CA4F02E6C182D /* libPods-WGT ANALYSTTests.a in Frameworks */ = {isa = PBXBuildFile; fileRef = 3558997828410D59C38441CB /* libPods-WGT ANALYSTTests.a */; };
/* End PBXBuildFile section */

/* Begin PBXContainerItemProxy section */
		8BFBCF6D1D5A4EE500051894 /* PBXContainerItemProxy */ = {
			isa = PBXContainerItemProxy;
			containerPortal = 8BFBCF4B1D5A4EE500051894 /* Project object */;
			proxyType = 1;
			remoteGlobalIDString = 8BFBCF521D5A4EE500051894;
			remoteInfo = "WGT ANALYST";
		};
		8BFBCF781D5A4EE500051894 /* PBXContainerItemProxy */ = {
			isa = PBXContainerItemProxy;
			containerPortal = 8BFBCF4B1D5A4EE500051894 /* Project object */;
			proxyType = 1;
			remoteGlobalIDString = 8BFBCF521D5A4EE500051894;
			remoteInfo = "WGT ANALYST";
		};
/* End PBXContainerItemProxy section */

/* Begin PBXFileReference section */
		1EA679471FD74B8D6A14BCF2 /* Pods-WGT ANALYST.debug.xcconfig */ = {isa = PBXFileReference; includeInIndex = 1; lastKnownFileType = text.xcconfig; name = "Pods-WGT ANALYST.debug.xcconfig"; path = "Pods/Target Support Files/Pods-WGT ANALYST/Pods-WGT ANALYST.debug.xcconfig"; sourceTree = "<group>"; };
		20F54AB26BC2693BC161FC42 /* Pods-WGT ANALYSTUITests.debug.xcconfig */ = {isa = PBXFileReference; includeInIndex = 1; lastKnownFileType = text.xcconfig; name = "Pods-WGT ANALYSTUITests.debug.xcconfig"; path = "Pods/Target Support Files/Pods-WGT ANALYSTUITests/Pods-WGT ANALYSTUITests.debug.xcconfig"; sourceTree = "<group>"; };
		34C41D0BFE78AA27CED6FF9C /* Pods-WGT ANALYST.release.xcconfig */ = {isa = PBXFileReference; includeInIndex = 1; lastKnownFileType = text.xcconfig; name = "Pods-WGT ANALYST.release.xcconfig"; path = "Pods/Target Support Files/Pods-WGT ANALYST/Pods-WGT ANALYST.release.xcconfig"; sourceTree = "<group>"; };
		3558997828410D59C38441CB /* libPods-WGT ANALYSTTests.a */ = {isa = PBXFileReference; explicitFileType = archive.ar; includeInIndex = 0; path = "libPods-WGT ANALYSTTests.a"; sourceTree = BUILT_PRODUCTS_DIR; };
		35CCE4EFB49A7A32355B9C48 /* libPods-WGT ANALYSTTests.a */ = {isa = PBXFileReference; explicitFileType = archive.ar; includeInIndex = 0; path = "libPods-WGT ANALYSTTests.a"; sourceTree = BUILT_PRODUCTS_DIR; };
		3A40D628DC32FD3E345E3CEC /* Pods-WGT ANALYSTUITests.release.xcconfig */ = {isa = PBXFileReference; includeInIndex = 1; lastKnownFileType = text.xcconfig; name = "Pods-WGT ANALYSTUITests.release.xcconfig"; path = "Pods/Target Support Files/Pods-WGT ANALYSTUITests/Pods-WGT ANALYSTUITests.release.xcconfig"; sourceTree = "<group>"; };
		4120742CD1E41C866EAEA110 /* Pods-WGT ANALYSTUITests.release.xcconfig */ = {isa = PBXFileReference; includeInIndex = 1; lastKnownFileType = text.xcconfig; name = "Pods-WGT ANALYSTUITests.release.xcconfig"; path = "Pods/Target Support Files/Pods-WGT ANALYSTUITests/Pods-WGT ANALYSTUITests.release.xcconfig"; sourceTree = "<group>"; };
		413A7FF1F680BC31A4B5CAD6 /* Pods-WGT ANALYSTTests.release.xcconfig */ = {isa = PBXFileReference; includeInIndex = 1; lastKnownFileType = text.xcconfig; name = "Pods-WGT ANALYSTTests.release.xcconfig"; path = "Pods/Target Support Files/Pods-WGT ANALYSTTests/Pods-WGT ANALYSTTests.release.xcconfig"; sourceTree = "<group>"; };
		41977627BB627473BE952CE5 /* Pods-WGT ANALYSTTests.release.xcconfig */ = {isa = PBXFileReference; includeInIndex = 1; lastKnownFileType = text.xcconfig; name = "Pods-WGT ANALYSTTests.release.xcconfig"; path = "Pods/Target Support Files/Pods-WGT ANALYSTTests/Pods-WGT ANALYSTTests.release.xcconfig"; sourceTree = "<group>"; };
		6829A4F9E67FE2D2EBEA7E9C /* Pods-WGT ANALYSTUITests.debug.xcconfig */ = {isa = PBXFileReference; includeInIndex = 1; lastKnownFileType = text.xcconfig; name = "Pods-WGT ANALYSTUITests.debug.xcconfig"; path = "Pods/Target Support Files/Pods-WGT ANALYSTUITests/Pods-WGT ANALYSTUITests.debug.xcconfig"; sourceTree = "<group>"; };
		76D4A2CB79062CDE84E12F12 /* libPods-WGT ANALYSTUITests.a */ = {isa = PBXFileReference; explicitFileType = archive.ar; includeInIndex = 0; path = "libPods-WGT ANALYSTUITests.a"; sourceTree = BUILT_PRODUCTS_DIR; };
		8B3132AC1D62562A007E8C5A /* WGTMenuViewController.h */ = {isa = PBXFileReference; fileEncoding = 4; lastKnownFileType = sourcecode.c.h; path = WGTMenuViewController.h; sourceTree = "<group>"; };
		8B3132AD1D62562A007E8C5A /* WGTMenuViewController.m */ = {isa = PBXFileReference; fileEncoding = 4; lastKnownFileType = sourcecode.c.objc; path = WGTMenuViewController.m; sourceTree = "<group>"; };
		8B3132AF1D62571A007E8C5A /* WGTServersViewController.h */ = {isa = PBXFileReference; fileEncoding = 4; lastKnownFileType = sourcecode.c.h; path = WGTServersViewController.h; sourceTree = "<group>"; };
		8B3132B01D62571A007E8C5A /* WGTServersViewController.m */ = {isa = PBXFileReference; fileEncoding = 4; lastKnownFileType = sourcecode.c.objc; path = WGTServersViewController.m; sourceTree = "<group>"; };
		8B3132B21D62866E007E8C5A /* WGTRootViewController.h */ = {isa = PBXFileReference; fileEncoding = 4; lastKnownFileType = sourcecode.c.h; path = WGTRootViewController.h; sourceTree = "<group>"; };
		8B3132B31D62866E007E8C5A /* WGTRootViewController.m */ = {isa = PBXFileReference; fileEncoding = 4; lastKnownFileType = sourcecode.c.objc; path = WGTRootViewController.m; sourceTree = "<group>"; };
		8B4C8BE51D5FBE04009EE492 /* Base */ = {isa = PBXFileReference; lastKnownFileType = file.storyboard; name = Base; path = Base.lproj/Main.storyboard; sourceTree = "<group>"; };
		8BDD05491D5DE84500459853 /* Base */ = {isa = PBXFileReference; lastKnownFileType = file.storyboard; name = Base; path = LaunchScreen.storyboard; sourceTree = "<group>"; };
		8BFBCF531D5A4EE500051894 /* WGT ANALYST.app */ = {isa = PBXFileReference; explicitFileType = wrapper.application; includeInIndex = 0; path = "WGT ANALYST.app"; sourceTree = BUILT_PRODUCTS_DIR; };
		8BFBCF571D5A4EE500051894 /* main.m */ = {isa = PBXFileReference; lastKnownFileType = sourcecode.c.objc; path = main.m; sourceTree = "<group>"; };
		8BFBCF591D5A4EE500051894 /* AppDelegate.h */ = {isa = PBXFileReference; lastKnownFileType = sourcecode.c.h; path = AppDelegate.h; sourceTree = "<group>"; };
		8BFBCF5A1D5A4EE500051894 /* AppDelegate.m */ = {isa = PBXFileReference; lastKnownFileType = sourcecode.c.objc; path = AppDelegate.m; sourceTree = "<group>"; };
		8BFBCF621D5A4EE500051894 /* Assets.xcassets */ = {isa = PBXFileReference; lastKnownFileType = folder.assetcatalog; path = Assets.xcassets; sourceTree = "<group>"; };
		8BFBCF671D5A4EE500051894 /* Info.plist */ = {isa = PBXFileReference; lastKnownFileType = text.plist.xml; path = Info.plist; sourceTree = "<group>"; };
		8BFBCF6C1D5A4EE500051894 /* WGT ANALYSTTests.xctest */ = {isa = PBXFileReference; explicitFileType = wrapper.cfbundle; includeInIndex = 0; path = "WGT ANALYSTTests.xctest"; sourceTree = BUILT_PRODUCTS_DIR; };
		8BFBCF701D5A4EE500051894 /* WGT_ANALYSTTests.m */ = {isa = PBXFileReference; lastKnownFileType = sourcecode.c.objc; path = WGT_ANALYSTTests.m; sourceTree = "<group>"; };
		8BFBCF721D5A4EE500051894 /* Info.plist */ = {isa = PBXFileReference; lastKnownFileType = text.plist.xml; path = Info.plist; sourceTree = "<group>"; };
		8BFBCF771D5A4EE500051894 /* WGT ANALYSTUITests.xctest */ = {isa = PBXFileReference; explicitFileType = wrapper.cfbundle; includeInIndex = 0; path = "WGT ANALYSTUITests.xctest"; sourceTree = BUILT_PRODUCTS_DIR; };
		8BFBCF7B1D5A4EE500051894 /* WGT_ANALYSTUITests.m */ = {isa = PBXFileReference; lastKnownFileType = sourcecode.c.objc; path = WGT_ANALYSTUITests.m; sourceTree = "<group>"; };
		8BFBCF7D1D5A4EE500051894 /* Info.plist */ = {isa = PBXFileReference; lastKnownFileType = text.plist.xml; path = Info.plist; sourceTree = "<group>"; };
		8BFBCF8F1D5B5B8700051894 /* WGTMainViewController.h */ = {isa = PBXFileReference; fileEncoding = 4; lastKnownFileType = sourcecode.c.h; path = WGTMainViewController.h; sourceTree = "<group>"; };
		8BFBCF901D5B5B8700051894 /* WGTMainViewController.m */ = {isa = PBXFileReference; fileEncoding = 4; lastKnownFileType = sourcecode.c.objc; path = WGTMainViewController.m; sourceTree = "<group>"; };
		8BFBCF911D5B5B8700051894 /* WGTStartViewController.h */ = {isa = PBXFileReference; fileEncoding = 4; lastKnownFileType = sourcecode.c.h; path = WGTStartViewController.h; sourceTree = "<group>"; };
		8BFBCF921D5B5B8700051894 /* WGTStartViewController.m */ = {isa = PBXFileReference; fileEncoding = 4; lastKnownFileType = sourcecode.c.objc; path = WGTStartViewController.m; sourceTree = "<group>"; };
		9548DBCFF27B3D24D5029985 /* Pods-WGT ANALYST.release.xcconfig */ = {isa = PBXFileReference; includeInIndex = 1; lastKnownFileType = text.xcconfig; name = "Pods-WGT ANALYST.release.xcconfig"; path = "Pods/Target Support Files/Pods-WGT ANALYST/Pods-WGT ANALYST.release.xcconfig"; sourceTree = "<group>"; };
		A1BDFE3A9DEE6FA12D0DBBA3 /* libPods-WGT ANALYSTUITests.a */ = {isa = PBXFileReference; explicitFileType = archive.ar; includeInIndex = 0; path = "libPods-WGT ANALYSTUITests.a"; sourceTree = BUILT_PRODUCTS_DIR; };
		ABD78FCBDF7AC46950CBE3D6 /* libPods-WGT ANALYST.a */ = {isa = PBXFileReference; explicitFileType = archive.ar; includeInIndex = 0; path = "libPods-WGT ANALYST.a"; sourceTree = BUILT_PRODUCTS_DIR; };
		B0CF6795AF20CD0A51A05424 /* Pods-WGT ANALYSTTests.debug.xcconfig */ = {isa = PBXFileReference; includeInIndex = 1; lastKnownFileType = text.xcconfig; name = "Pods-WGT ANALYSTTests.debug.xcconfig"; path = "Pods/Target Support Files/Pods-WGT ANALYSTTests/Pods-WGT ANALYSTTests.debug.xcconfig"; sourceTree = "<group>"; };
		BAA19AA7116344158C22AF6A /* Pods-WGT ANALYST.debug.xcconfig */ = {isa = PBXFileReference; includeInIndex = 1; lastKnownFileType = text.xcconfig; name = "Pods-WGT ANALYST.debug.xcconfig"; path = "Pods/Target Support Files/Pods-WGT ANALYST/Pods-WGT ANALYST.debug.xcconfig"; sourceTree = "<group>"; };
		BD14214DF14655369C937ED3 /* libPods-WGT ANALYST.a */ = {isa = PBXFileReference; explicitFileType = archive.ar; includeInIndex = 0; path = "libPods-WGT ANALYST.a"; sourceTree = BUILT_PRODUCTS_DIR; };
		E3302F7E6C22547A3B5D6D0E /* Pods-WGT ANALYSTTests.debug.xcconfig */ = {isa = PBXFileReference; includeInIndex = 1; lastKnownFileType = text.xcconfig; name = "Pods-WGT ANALYSTTests.debug.xcconfig"; path = "Pods/Target Support Files/Pods-WGT ANALYSTTests/Pods-WGT ANALYSTTests.debug.xcconfig"; sourceTree = "<group>"; };
/* End PBXFileReference section */

/* Begin PBXFrameworksBuildPhase section */
		8BFBCF501D5A4EE500051894 /* Frameworks */ = {
			isa = PBXFrameworksBuildPhase;
			buildActionMask = 2147483647;
			files = (
				81462AD027CACA6F17772F7E /* libPods-WGT ANALYST.a in Frameworks */,
				B6A3E1FF33C95BF54958B49C /* libPods-WGT ANALYST.a in Frameworks */,
			);
			runOnlyForDeploymentPostprocessing = 0;
		};
		8BFBCF691D5A4EE500051894 /* Frameworks */ = {
			isa = PBXFrameworksBuildPhase;
			buildActionMask = 2147483647;
			files = (
				9CBE3F6CE823EE59AEDE938A /* libPods-WGT ANALYSTTests.a in Frameworks */,
				B9F08E5ABD9CA4F02E6C182D /* libPods-WGT ANALYSTTests.a in Frameworks */,
			);
			runOnlyForDeploymentPostprocessing = 0;
		};
		8BFBCF741D5A4EE500051894 /* Frameworks */ = {
			isa = PBXFrameworksBuildPhase;
			buildActionMask = 2147483647;
			files = (
				1CC712258CC7622069C87228 /* libPods-WGT ANALYSTUITests.a in Frameworks */,
				4D4D87291154FCE56DA6BF15 /* libPods-WGT ANALYSTUITests.a in Frameworks */,
			);
			runOnlyForDeploymentPostprocessing = 0;
		};
/* End PBXFrameworksBuildPhase section */

/* Begin PBXGroup section */
		0BD179091486486478BDED60 /* Pods */ = {
			isa = PBXGroup;
			children = (
				1EA679471FD74B8D6A14BCF2 /* Pods-WGT ANALYST.debug.xcconfig */,
				9548DBCFF27B3D24D5029985 /* Pods-WGT ANALYST.release.xcconfig */,
				E3302F7E6C22547A3B5D6D0E /* Pods-WGT ANALYSTTests.debug.xcconfig */,
				41977627BB627473BE952CE5 /* Pods-WGT ANALYSTTests.release.xcconfig */,
				20F54AB26BC2693BC161FC42 /* Pods-WGT ANALYSTUITests.debug.xcconfig */,
				3A40D628DC32FD3E345E3CEC /* Pods-WGT ANALYSTUITests.release.xcconfig */,
			);
			name = Pods;
			path = ..;
			sourceTree = "<group>";
		};
		2BB55234F79CF503DBF7712F /* Pods */ = {
			isa = PBXGroup;
			children = (
				BAA19AA7116344158C22AF6A /* Pods-WGT ANALYST.debug.xcconfig */,
				34C41D0BFE78AA27CED6FF9C /* Pods-WGT ANALYST.release.xcconfig */,
				B0CF6795AF20CD0A51A05424 /* Pods-WGT ANALYSTTests.debug.xcconfig */,
				413A7FF1F680BC31A4B5CAD6 /* Pods-WGT ANALYSTTests.release.xcconfig */,
				6829A4F9E67FE2D2EBEA7E9C /* Pods-WGT ANALYSTUITests.debug.xcconfig */,
				4120742CD1E41C866EAEA110 /* Pods-WGT ANALYSTUITests.release.xcconfig */,
			);
			name = Pods;
			sourceTree = "<group>";
		};
		8BDD05641D5DF5EF00459853 /* Tests&Products */ = {
			isa = PBXGroup;
			children = (
				8BFBCF6F1D5A4EE500051894 /* WGT ANALYSTTests */,
				8BFBCF7A1D5A4EE500051894 /* WGT ANALYSTUITests */,
				8BFBCF541D5A4EE500051894 /* Products */,
				0BD179091486486478BDED60 /* Pods */,
				FC413C5E5CE929B43DD09214 /* Frameworks */,
			);
			name = "Tests&Products";
			path = "WGT ANALYST";
			sourceTree = "<group>";
		};
		8BFBCF4A1D5A4EE500051894 = {
			isa = PBXGroup;
			children = (
				8BFBCF551D5A4EE500051894 /* WGT ANALYST */,
				8BDD05641D5DF5EF00459853 /* Tests&Products */,
				2BB55234F79CF503DBF7712F /* Pods */,
				CEEC71EFE3C7D8E590E6F4A8 /* Frameworks */,
			);
			sourceTree = "<group>";
		};
		8BFBCF541D5A4EE500051894 /* Products */ = {
			isa = PBXGroup;
			children = (
				8BFBCF531D5A4EE500051894 /* WGT ANALYST.app */,
				8BFBCF6C1D5A4EE500051894 /* WGT ANALYSTTests.xctest */,
				8BFBCF771D5A4EE500051894 /* WGT ANALYSTUITests.xctest */,
			);
			name = Products;
			path = ..;
			sourceTree = "<group>";
		};
		8BFBCF551D5A4EE500051894 /* WGT ANALYST */ = {
			isa = PBXGroup;
			children = (
				8BFBCF591D5A4EE500051894 /* AppDelegate.h */,
				8BFBCF5A1D5A4EE500051894 /* AppDelegate.m */,
				8BFBCF8F1D5B5B8700051894 /* WGTMainViewController.h */,
				8BFBCF901D5B5B8700051894 /* WGTMainViewController.m */,
				8BFBCF911D5B5B8700051894 /* WGTStartViewController.h */,
				8BFBCF921D5B5B8700051894 /* WGTStartViewController.m */,
				8B3132B21D62866E007E8C5A /* WGTRootViewController.h */,
				8B3132B31D62866E007E8C5A /* WGTRootViewController.m */,
				8B3132AC1D62562A007E8C5A /* WGTMenuViewController.h */,
				8B3132AD1D62562A007E8C5A /* WGTMenuViewController.m */,
				8B3132AF1D62571A007E8C5A /* WGTServersViewController.h */,
				8B3132B01D62571A007E8C5A /* WGTServersViewController.m */,
				8B4C8BE41D5FBE04009EE492 /* Main.storyboard */,
				8BDD05481D5DE84500459853 /* LaunchScreen.storyboard */,
				8BFBCF561D5A4EE500051894 /* Supporting Files */,
			);
			path = "WGT ANALYST";
			sourceTree = "<group>";
		};
		8BFBCF561D5A4EE500051894 /* Supporting Files */ = {
			isa = PBXGroup;
			children = (
				8BFBCF621D5A4EE500051894 /* Assets.xcassets */,
				8BFBCF671D5A4EE500051894 /* Info.plist */,
				8BFBCF571D5A4EE500051894 /* main.m */,
			);
			name = "Supporting Files";
			sourceTree = "<group>";
		};
		8BFBCF6F1D5A4EE500051894 /* WGT ANALYSTTests */ = {
			isa = PBXGroup;
			children = (
				8BFBCF701D5A4EE500051894 /* WGT_ANALYSTTests.m */,
				8BFBCF721D5A4EE500051894 /* Info.plist */,
			);
			path = "WGT ANALYSTTests";
			sourceTree = SOURCE_ROOT;
		};
		8BFBCF7A1D5A4EE500051894 /* WGT ANALYSTUITests */ = {
			isa = PBXGroup;
			children = (
				8BFBCF7B1D5A4EE500051894 /* WGT_ANALYSTUITests.m */,
				8BFBCF7D1D5A4EE500051894 /* Info.plist */,
			);
			path = "WGT ANALYSTUITests";
			sourceTree = SOURCE_ROOT;
		};
		CEEC71EFE3C7D8E590E6F4A8 /* Frameworks */ = {
			isa = PBXGroup;
			children = (
				BD14214DF14655369C937ED3 /* libPods-WGT ANALYST.a */,
				3558997828410D59C38441CB /* libPods-WGT ANALYSTTests.a */,
				A1BDFE3A9DEE6FA12D0DBBA3 /* libPods-WGT ANALYSTUITests.a */,
			);
			name = Frameworks;
			sourceTree = "<group>";
		};
		FC413C5E5CE929B43DD09214 /* Frameworks */ = {
			isa = PBXGroup;
			children = (
				ABD78FCBDF7AC46950CBE3D6 /* libPods-WGT ANALYST.a */,
				35CCE4EFB49A7A32355B9C48 /* libPods-WGT ANALYSTTests.a */,
				76D4A2CB79062CDE84E12F12 /* libPods-WGT ANALYSTUITests.a */,
			);
			name = Frameworks;
			path = ..;
			sourceTree = "<group>";
		};
/* End PBXGroup section */

/* Begin PBXNativeTarget section */
		8BFBCF521D5A4EE500051894 /* WGT ANALYST */ = {
			isa = PBXNativeTarget;
			buildConfigurationList = 8BFBCF801D5A4EE500051894 /* Build configuration list for PBXNativeTarget "WGT ANALYST" */;
			buildPhases = (
				E3C86788C7D058F93B7968E0 /* [CP] Check Pods Manifest.lock */,
				8BFBCF4F1D5A4EE500051894 /* Sources */,
				8BFBCF501D5A4EE500051894 /* Frameworks */,
				8BFBCF511D5A4EE500051894 /* Resources */,
				789DCD1FD60E69383716E571 /* [CP] Embed Pods Frameworks */,
				9748CDD8F68D19E6F439A10A /* [CP] Copy Pods Resources */,
			);
			buildRules = (
			);
			dependencies = (
			);
			name = "WGT ANALYST";
			productName = "WGT ANALYST";
			productReference = 8BFBCF531D5A4EE500051894 /* WGT ANALYST.app */;
			productType = "com.apple.product-type.application";
		};
		8BFBCF6B1D5A4EE500051894 /* WGT ANALYSTTests */ = {
			isa = PBXNativeTarget;
			buildConfigurationList = 8BFBCF831D5A4EE500051894 /* Build configuration list for PBXNativeTarget "WGT ANALYSTTests" */;
			buildPhases = (
				BDF45ACAE47F4D9550E84F18 /* [CP] Check Pods Manifest.lock */,
				8BFBCF681D5A4EE500051894 /* Sources */,
				8BFBCF691D5A4EE500051894 /* Frameworks */,
				8BFBCF6A1D5A4EE500051894 /* Resources */,
				927455E35D6D025725AE8F67 /* [CP] Embed Pods Frameworks */,
				DBCEF1B7F8FC7AF0F6C3EA66 /* [CP] Copy Pods Resources */,
			);
			buildRules = (
			);
			dependencies = (
				8BFBCF6E1D5A4EE500051894 /* PBXTargetDependency */,
			);
			name = "WGT ANALYSTTests";
			productName = "WGT ANALYSTTests";
			productReference = 8BFBCF6C1D5A4EE500051894 /* WGT ANALYSTTests.xctest */;
			productType = "com.apple.product-type.bundle.unit-test";
		};
		8BFBCF761D5A4EE500051894 /* WGT ANALYSTUITests */ = {
			isa = PBXNativeTarget;
			buildConfigurationList = 8BFBCF861D5A4EE500051894 /* Build configuration list for PBXNativeTarget "WGT ANALYSTUITests" */;
			buildPhases = (
				CD57D3E82102C76EC4055588 /* [CP] Check Pods Manifest.lock */,
				8BFBCF731D5A4EE500051894 /* Sources */,
				8BFBCF741D5A4EE500051894 /* Frameworks */,
				8BFBCF751D5A4EE500051894 /* Resources */,
				AAB71AD46ABE012C4321E18C /* [CP] Copy Pods Resources */,
			);
			buildRules = (
			);
			dependencies = (
				8BFBCF791D5A4EE500051894 /* PBXTargetDependency */,
			);
			name = "WGT ANALYSTUITests";
			productName = "WGT ANALYSTUITests";
			productReference = 8BFBCF771D5A4EE500051894 /* WGT ANALYSTUITests.xctest */;
			productType = "com.apple.product-type.bundle.ui-testing";
		};
/* End PBXNativeTarget section */

/* Begin PBXProject section */
		8BFBCF4B1D5A4EE500051894 /* Project object */ = {
			isa = PBXProject;
			attributes = {
				CLASSPREFIX = WGT;
				LastUpgradeCheck = 0730;
				ORGANIZATIONNAME = "Stolyarenko K.S.";
				TargetAttributes = {
					8BFBCF521D5A4EE500051894 = {
						CreatedOnToolsVersion = 7.3;
						DevelopmentTeam = 487D8YHE27;
					};
					8BFBCF6B1D5A4EE500051894 = {
						CreatedOnToolsVersion = 7.3;
						DevelopmentTeam = 487D8YHE27;
						TestTargetID = 8BFBCF521D5A4EE500051894;
					};
					8BFBCF761D5A4EE500051894 = {
						CreatedOnToolsVersion = 7.3;
						DevelopmentTeam = 487D8YHE27;
						TestTargetID = 8BFBCF521D5A4EE500051894;
					};
				};
			};
			buildConfigurationList = 8BFBCF4E1D5A4EE500051894 /* Build configuration list for PBXProject "WGT ANALYST" */;
			compatibilityVersion = "Xcode 3.2";
			developmentRegion = English;
			hasScannedForEncodings = 0;
			knownRegions = (
				en,
				Base,
			);
			mainGroup = 8BFBCF4A1D5A4EE500051894;
			productRefGroup = 8BFBCF541D5A4EE500051894 /* Products */;
			projectDirPath = "";
			projectRoot = "";
			targets = (
				8BFBCF521D5A4EE500051894 /* WGT ANALYST */,
				8BFBCF6B1D5A4EE500051894 /* WGT ANALYSTTests */,
				8BFBCF761D5A4EE500051894 /* WGT ANALYSTUITests */,
			);
		};
/* End PBXProject section */

/* Begin PBXResourcesBuildPhase section */
		8BFBCF511D5A4EE500051894 /* Resources */ = {
			isa = PBXResourcesBuildPhase;
			buildActionMask = 2147483647;
			files = (
				8B4C8BE61D5FBE04009EE492 /* Main.storyboard in Resources */,
				8BFBCF631D5A4EE500051894 /* Assets.xcassets in Resources */,
				8BDD05591D5DE84500459853 /* LaunchScreen.storyboard in Resources */,
			);
			runOnlyForDeploymentPostprocessing = 0;
		};
		8BFBCF6A1D5A4EE500051894 /* Resources */ = {
			isa = PBXResourcesBuildPhase;
			buildActionMask = 2147483647;
			files = (
			);
			runOnlyForDeploymentPostprocessing = 0;
		};
		8BFBCF751D5A4EE500051894 /* Resources */ = {
			isa = PBXResourcesBuildPhase;
			buildActionMask = 2147483647;
			files = (
			);
			runOnlyForDeploymentPostprocessing = 0;
		};
/* End PBXResourcesBuildPhase section */

/* Begin PBXShellScriptBuildPhase section */
		789DCD1FD60E69383716E571 /* [CP] Embed Pods Frameworks */ = {
			isa = PBXShellScriptBuildPhase;
			buildActionMask = 2147483647;
			files = (
			);
			inputPaths = (
			);
			name = "[CP] Embed Pods Frameworks";
			outputPaths = (
			);
			runOnlyForDeploymentPostprocessing = 0;
			shellPath = /bin/sh;
			shellScript = "\"${SRCROOT}/Pods/Target Support Files/Pods-WGT ANALYST/Pods-WGT ANALYST-frameworks.sh\"\n";
			showEnvVarsInLog = 0;
		};
		927455E35D6D025725AE8F67 /* [CP] Embed Pods Frameworks */ = {
			isa = PBXShellScriptBuildPhase;
			buildActionMask = 2147483647;
			files = (
			);
			inputPaths = (
			);
			name = "[CP] Embed Pods Frameworks";
			outputPaths = (
			);
			runOnlyForDeploymentPostprocessing = 0;
			shellPath = /bin/sh;
			shellScript = "\"${SRCROOT}/Pods/Target Support Files/Pods-WGT ANALYSTTests/Pods-WGT ANALYSTTests-frameworks.sh\"\n";
			showEnvVarsInLog = 0;
		};
		9748CDD8F68D19E6F439A10A /* [CP] Copy Pods Resources */ = {
			isa = PBXShellScriptBuildPhase;
			buildActionMask = 2147483647;
			files = (
			);
			inputPaths = (
			);
			name = "[CP] Copy Pods Resources";
			outputPaths = (
			);
			runOnlyForDeploymentPostprocessing = 0;
			shellPath = /bin/sh;
			shellScript = "\"${SRCROOT}/Pods/Target Support Files/Pods-WGT ANALYST/Pods-WGT ANALYST-resources.sh\"\n";
			showEnvVarsInLog = 0;
		};
		AAB71AD46ABE012C4321E18C /* [CP] Copy Pods Resources */ = {
			isa = PBXShellScriptBuildPhase;
			buildActionMask = 2147483647;
			files = (
			);
			inputPaths = (
			);
			name = "[CP] Copy Pods Resources";
			outputPaths = (
			);
			runOnlyForDeploymentPostprocessing = 0;
			shellPath = /bin/sh;
			shellScript = "\"${SRCROOT}/Pods/Target Support Files/Pods-WGT ANALYSTUITests/Pods-WGT ANALYSTUITests-resources.sh\"\n";
			showEnvVarsInLog = 0;
		};
		BDF45ACAE47F4D9550E84F18 /* [CP] Check Pods Manifest.lock */ = {
			isa = PBXShellScriptBuildPhase;
			buildActionMask = 2147483647;
			files = (
			);
			inputPaths = (
			);
			name = "[CP] Check Pods Manifest.lock";
			outputPaths = (
			);
			runOnlyForDeploymentPostprocessing = 0;
			shellPath = /bin/sh;
			shellScript = "diff \"${PODS_ROOT}/../Podfile.lock\" \"${PODS_ROOT}/Manifest.lock\" > /dev/null\nif [[ $? != 0 ]] ; then\n    cat << EOM\nerror: The sandbox is not in sync with the Podfile.lock. Run 'pod install' or update your CocoaPods installation.\nEOM\n    exit 1\nfi\n";
			showEnvVarsInLog = 0;
		};
		CD57D3E82102C76EC4055588 /* [CP] Check Pods Manifest.lock */ = {
			isa = PBXShellScriptBuildPhase;
			buildActionMask = 2147483647;
			files = (
			);
			inputPaths = (
			);
			name = "[CP] Check Pods Manifest.lock";
			outputPaths = (
			);
			runOnlyForDeploymentPostprocessing = 0;
			shellPath = /bin/sh;
			shellScript = "diff \"${PODS_ROOT}/../Podfile.lock\" \"${PODS_ROOT}/Manifest.lock\" > /dev/null\nif [[ $? != 0 ]] ; then\n    cat << EOM\nerror: The sandbox is not in sync with the Podfile.lock. Run 'pod install' or update your CocoaPods installation.\nEOM\n    exit 1\nfi\n";
			showEnvVarsInLog = 0;
		};
		DBCEF1B7F8FC7AF0F6C3EA66 /* [CP] Copy Pods Resources */ = {
			isa = PBXShellScriptBuildPhase;
			buildActionMask = 2147483647;
			files = (
			);
			inputPaths = (
			);
			name = "[CP] Copy Pods Resources";
			outputPaths = (
			);
			runOnlyForDeploymentPostprocessing = 0;
			shellPath = /bin/sh;
			shellScript = "\"${SRCROOT}/Pods/Target Support Files/Pods-WGT ANALYSTTests/Pods-WGT ANALYSTTests-resources.sh\"\n";
			showEnvVarsInLog = 0;
		};
		E3C86788C7D058F93B7968E0 /* [CP] Check Pods Manifest.lock */ = {
			isa = PBXShellScriptBuildPhase;
			buildActionMask = 2147483647;
			files = (
			);
			inputPaths = (
			);
			name = "[CP] Check Pods Manifest.lock";
			outputPaths = (
			);
			runOnlyForDeploymentPostprocessing = 0;
			shellPath = /bin/sh;
			shellScript = "diff \"${PODS_ROOT}/../Podfile.lock\" \"${PODS_ROOT}/Manifest.lock\" > /dev/null\nif [[ $? != 0 ]] ; then\n    cat << EOM\nerror: The sandbox is not in sync with the Podfile.lock. Run 'pod install' or update your CocoaPods installation.\nEOM\n    exit 1\nfi\n";
			showEnvVarsInLog = 0;
		};
/* End PBXShellScriptBuildPhase section */

/* Begin PBXSourcesBuildPhase section */
		8BFBCF4F1D5A4EE500051894 /* Sources */ = {
			isa = PBXSourcesBuildPhase;
			buildActionMask = 2147483647;
			files = (
				8B3132AE1D62562A007E8C5A /* WGTMenuViewController.m in Sources */,
				8BFBCF5B1D5A4EE500051894 /* AppDelegate.m in Sources */,
				8B3132B11D62571A007E8C5A /* WGTServersViewController.m in Sources */,
				8BFBCF581D5A4EE500051894 /* main.m in Sources */,
				8BFBCF941D5B5B8700051894 /* WGTStartViewController.m in Sources */,
				8BFBCF931D5B5B8700051894 /* WGTMainViewController.m in Sources */,
				8B3132B41D62866E007E8C5A /* WGTRootViewController.m in Sources */,
			);
			runOnlyForDeploymentPostprocessing = 0;
		};
		8BFBCF681D5A4EE500051894 /* Sources */ = {
			isa = PBXSourcesBuildPhase;
			buildActionMask = 2147483647;
			files = (
				8BFBCF711D5A4EE500051894 /* WGT_ANALYSTTests.m in Sources */,
			);
			runOnlyForDeploymentPostprocessing = 0;
		};
		8BFBCF731D5A4EE500051894 /* Sources */ = {
			isa = PBXSourcesBuildPhase;
			buildActionMask = 2147483647;
			files = (
				8BFBCF7C1D5A4EE500051894 /* WGT_ANALYSTUITests.m in Sources */,
			);
			runOnlyForDeploymentPostprocessing = 0;
		};
/* End PBXSourcesBuildPhase section */

/* Begin PBXTargetDependency section */
		8BFBCF6E1D5A4EE500051894 /* PBXTargetDependency */ = {
			isa = PBXTargetDependency;
			target = 8BFBCF521D5A4EE500051894 /* WGT ANALYST */;
			targetProxy = 8BFBCF6D1D5A4EE500051894 /* PBXContainerItemProxy */;
		};
		8BFBCF791D5A4EE500051894 /* PBXTargetDependency */ = {
			isa = PBXTargetDependency;
			target = 8BFBCF521D5A4EE500051894 /* WGT ANALYST */;
			targetProxy = 8BFBCF781D5A4EE500051894 /* PBXContainerItemProxy */;
		};
/* End PBXTargetDependency section */

/* Begin PBXVariantGroup section */
		8B4C8BE41D5FBE04009EE492 /* Main.storyboard */ = {
			isa = PBXVariantGroup;
			children = (
				8B4C8BE51D5FBE04009EE492 /* Base */,
			);
			name = Main.storyboard;
			sourceTree = "<group>";
		};
		8BDD05481D5DE84500459853 /* LaunchScreen.storyboard */ = {
			isa = PBXVariantGroup;
			children = (
				8BDD05491D5DE84500459853 /* Base */,
			);
			name = LaunchScreen.storyboard;
			path = Base.lproj;
			sourceTree = "<group>";
		};
/* End PBXVariantGroup section */

/* Begin XCBuildConfiguration section */
		8BFBCF7E1D5A4EE500051894 /* Debug */ = {
			isa = XCBuildConfiguration;
			buildSettings = {
				ALWAYS_SEARCH_USER_PATHS = NO;
				CLANG_ANALYZER_NONNULL = YES;
				CLANG_CXX_LANGUAGE_STANDARD = "gnu++0x";
				CLANG_CXX_LIBRARY = "libc++";
				CLANG_ENABLE_MODULES = YES;
				CLANG_ENABLE_OBJC_ARC = YES;
				CLANG_WARN_BOOL_CONVERSION = YES;
				CLANG_WARN_CONSTANT_CONVERSION = YES;
				CLANG_WARN_DIRECT_OBJC_ISA_USAGE = YES_ERROR;
				CLANG_WARN_EMPTY_BODY = YES;
				CLANG_WARN_ENUM_CONVERSION = YES;
				CLANG_WARN_INT_CONVERSION = YES;
				CLANG_WARN_OBJC_ROOT_CLASS = YES_ERROR;
				CLANG_WARN_UNREACHABLE_CODE = YES;
				CLANG_WARN__DUPLICATE_METHOD_MATCH = YES;
				"CODE_SIGN_IDENTITY[sdk=iphoneos*]" = "iPhone Developer";
				COPY_PHASE_STRIP = NO;
				DEBUG_INFORMATION_FORMAT = dwarf;
				ENABLE_STRICT_OBJC_MSGSEND = YES;
				ENABLE_TESTABILITY = YES;
				GCC_C_LANGUAGE_STANDARD = gnu99;
				GCC_DYNAMIC_NO_PIC = NO;
				GCC_NO_COMMON_BLOCKS = YES;
				GCC_OPTIMIZATION_LEVEL = 0;
				GCC_PREPROCESSOR_DEFINITIONS = (
					"DEBUG=1",
					"$(inherited)",
				);
				GCC_WARN_64_TO_32_BIT_CONVERSION = YES;
				GCC_WARN_ABOUT_RETURN_TYPE = YES_ERROR;
				GCC_WARN_UNDECLARED_SELECTOR = YES;
				GCC_WARN_UNINITIALIZED_AUTOS = YES_AGGRESSIVE;
				GCC_WARN_UNUSED_FUNCTION = YES;
				GCC_WARN_UNUSED_VARIABLE = YES;
				IPHONEOS_DEPLOYMENT_TARGET = 8.0;
				MTL_ENABLE_DEBUG_INFO = YES;
				ONLY_ACTIVE_ARCH = YES;
				SDKROOT = iphoneos;
			};
			name = Debug;
		};
		8BFBCF7F1D5A4EE500051894 /* Release */ = {
			isa = XCBuildConfiguration;
			buildSettings = {
				ALWAYS_SEARCH_USER_PATHS = NO;
				CLANG_ANALYZER_NONNULL = YES;
				CLANG_CXX_LANGUAGE_STANDARD = "gnu++0x";
				CLANG_CXX_LIBRARY = "libc++";
				CLANG_ENABLE_MODULES = YES;
				CLANG_ENABLE_OBJC_ARC = YES;
				CLANG_WARN_BOOL_CONVERSION = YES;
				CLANG_WARN_CONSTANT_CONVERSION = YES;
				CLANG_WARN_DIRECT_OBJC_ISA_USAGE = YES_ERROR;
				CLANG_WARN_EMPTY_BODY = YES;
				CLANG_WARN_ENUM_CONVERSION = YES;
				CLANG_WARN_INT_CONVERSION = YES;
				CLANG_WARN_OBJC_ROOT_CLASS = YES_ERROR;
				CLANG_WARN_UNREACHABLE_CODE = YES;
				CLANG_WARN__DUPLICATE_METHOD_MATCH = YES;
				"CODE_SIGN_IDENTITY[sdk=iphoneos*]" = "iPhone Developer";
				COPY_PHASE_STRIP = NO;
				DEBUG_INFORMATION_FORMAT = "dwarf-with-dsym";
				ENABLE_NS_ASSERTIONS = NO;
				ENABLE_STRICT_OBJC_MSGSEND = YES;
				GCC_C_LANGUAGE_STANDARD = gnu99;
				GCC_NO_COMMON_BLOCKS = YES;
				GCC_WARN_64_TO_32_BIT_CONVERSION = YES;
				GCC_WARN_ABOUT_RETURN_TYPE = YES_ERROR;
				GCC_WARN_UNDECLARED_SELECTOR = YES;
				GCC_WARN_UNINITIALIZED_AUTOS = YES_AGGRESSIVE;
				GCC_WARN_UNUSED_FUNCTION = YES;
				GCC_WARN_UNUSED_VARIABLE = YES;
				IPHONEOS_DEPLOYMENT_TARGET = 8.0;
				MTL_ENABLE_DEBUG_INFO = NO;
				SDKROOT = iphoneos;
				VALIDATE_PRODUCT = YES;
			};
			name = Release;
		};
		8BFBCF811D5A4EE500051894 /* Debug */ = {
			isa = XCBuildConfiguration;
			baseConfigurationReference = 1EA679471FD74B8D6A14BCF2 /* Pods-WGT ANALYST.debug.xcconfig */;
			buildSettings = {
				ASSETCATALOG_COMPILER_APPICON_NAME = AppIcon;
				INFOPLIST_FILE = "WGT ANALYST/Info.plist";
				IPHONEOS_DEPLOYMENT_TARGET = 8.0;
				LD_RUNPATH_SEARCH_PATHS = "$(inherited) @executable_path/Frameworks";
				PRODUCT_BUNDLE_IDENTIFIER = "SKS.WGT-ANALYST";
				PRODUCT_NAME = "$(TARGET_NAME)";
				TARGETED_DEVICE_FAMILY = 1;
			};
			name = Debug;
		};
		8BFBCF821D5A4EE500051894 /* Release */ = {
			isa = XCBuildConfiguration;
			baseConfigurationReference = 9548DBCFF27B3D24D5029985 /* Pods-WGT ANALYST.release.xcconfig */;
			buildSettings = {
				ASSETCATALOG_COMPILER_APPICON_NAME = AppIcon;
				INFOPLIST_FILE = "WGT ANALYST/Info.plist";
				IPHONEOS_DEPLOYMENT_TARGET = 8.0;
				LD_RUNPATH_SEARCH_PATHS = "$(inherited) @executable_path/Frameworks";
				PRODUCT_BUNDLE_IDENTIFIER = "SKS.WGT-ANALYST";
				PRODUCT_NAME = "$(TARGET_NAME)";
				TARGETED_DEVICE_FAMILY = 1;
			};
			name = Release;
		};
		8BFBCF841D5A4EE500051894 /* Debug */ = {
			isa = XCBuildConfiguration;
			baseConfigurationReference = E3302F7E6C22547A3B5D6D0E /* Pods-WGT ANALYSTTests.debug.xcconfig */;
			buildSettings = {
				BUNDLE_LOADER = "$(TEST_HOST)";
				INFOPLIST_FILE = "WGT ANALYSTTests/Info.plist";
				LD_RUNPATH_SEARCH_PATHS = "$(inherited) @executable_path/Frameworks @loader_path/Frameworks";
				PRODUCT_BUNDLE_IDENTIFIER = "SKS.WGT-ANALYSTTests";
				PRODUCT_NAME = "$(TARGET_NAME)";
				TEST_HOST = "$(BUILT_PRODUCTS_DIR)/WGT ANALYST.app/WGT ANALYST";
			};
			name = Debug;
		};
		8BFBCF851D5A4EE500051894 /* Release */ = {
			isa = XCBuildConfiguration;
			baseConfigurationReference = 41977627BB627473BE952CE5 /* Pods-WGT ANALYSTTests.release.xcconfig */;
			buildSettings = {
				BUNDLE_LOADER = "$(TEST_HOST)";
				INFOPLIST_FILE = "WGT ANALYSTTests/Info.plist";
				LD_RUNPATH_SEARCH_PATHS = "$(inherited) @executable_path/Frameworks @loader_path/Frameworks";
				PRODUCT_BUNDLE_IDENTIFIER = "SKS.WGT-ANALYSTTests";
				PRODUCT_NAME = "$(TARGET_NAME)";
				TEST_HOST = "$(BUILT_PRODUCTS_DIR)/WGT ANALYST.app/WGT ANALYST";
			};
			name = Release;
		};
		8BFBCF871D5A4EE500051894 /* Debug */ = {
			isa = XCBuildConfiguration;
			baseConfigurationReference = 20F54AB26BC2693BC161FC42 /* Pods-WGT ANALYSTUITests.debug.xcconfig */;
			buildSettings = {
				INFOPLIST_FILE = "WGT ANALYSTUITests/Info.plist";
				LD_RUNPATH_SEARCH_PATHS = "$(inherited) @executable_path/Frameworks @loader_path/Frameworks";
				PRODUCT_BUNDLE_IDENTIFIER = "SKS.WGT-ANALYSTUITests";
				PRODUCT_NAME = "$(TARGET_NAME)";
				TEST_TARGET_NAME = "WGT ANALYST";
			};
			name = Debug;
		};
		8BFBCF881D5A4EE500051894 /* Release */ = {
			isa = XCBuildConfiguration;
			baseConfigurationReference = 3A40D628DC32FD3E345E3CEC /* Pods-WGT ANALYSTUITests.release.xcconfig */;
			buildSettings = {
				INFOPLIST_FILE = "WGT ANALYSTUITests/Info.plist";
				LD_RUNPATH_SEARCH_PATHS = "$(inherited) @executable_path/Frameworks @loader_path/Frameworks";
				PRODUCT_BUNDLE_IDENTIFIER = "SKS.WGT-ANALYSTUITests";
				PRODUCT_NAME = "$(TARGET_NAME)";
				TEST_TARGET_NAME = "WGT ANALYST";
			};
			name = Release;
		};
/* End XCBuildConfiguration section */

/* Begin XCConfigurationList section */
		8BFBCF4E1D5A4EE500051894 /* Build configuration list for PBXProject "WGT ANALYST" */ = {
			isa = XCConfigurationList;
			buildConfigurations = (
				8BFBCF7E1D5A4EE500051894 /* Debug */,
				8BFBCF7F1D5A4EE500051894 /* Release */,
			);
			defaultConfigurationIsVisible = 0;
			defaultConfigurationName = Release;
		};
		8BFBCF801D5A4EE500051894 /* Build configuration list for PBXNativeTarget "WGT ANALYST" */ = {
			isa = XCConfigurationList;
			buildConfigurations = (
				8BFBCF811D5A4EE500051894 /* Debug */,
				8BFBCF821D5A4EE500051894 /* Release */,
			);
			defaultConfigurationIsVisible = 0;
			defaultConfigurationName = Release;
		};
		8BFBCF831D5A4EE500051894 /* Build configuration list for PBXNativeTarget "WGT ANALYSTTests" */ = {
			isa = XCConfigurationList;
			buildConfigurations = (
				8BFBCF841D5A4EE500051894 /* Debug */,
				8BFBCF851D5A4EE500051894 /* Release */,
			);
			defaultConfigurationIsVisible = 0;
			defaultConfigurationName = Release;
		};
		8BFBCF861D5A4EE500051894 /* Build configuration list for PBXNativeTarget "WGT ANALYSTUITests" */ = {
			isa = XCConfigurationList;
			buildConfigurations = (
				8BFBCF871D5A4EE500051894 /* Debug */,
				8BFBCF881D5A4EE500051894 /* Release */,
			);
			defaultConfigurationIsVisible = 0;
			defaultConfigurationName = Release;
		};
/* End XCConfigurationList section */
	};
	rootObject = 8BFBCF4B1D5A4EE500051894 /* Project object */;
}
